// !$*UTF8*$!
{
	archiveVersion = 1;
	classes = {
	};
	objectVersion = 56;
	objects = {

/* Begin PBXBuildFile section */
		28A206A529C0B77700F68358 /* AppDelegate.swift in Sources */ = {isa = PBXBuildFile; fileRef = 28A206A429C0B77700F68358 /* AppDelegate.swift */; };
		28A206A729C0B77700F68358 /* SceneDelegate.swift in Sources */ = {isa = PBXBuildFile; fileRef = 28A206A629C0B77700F68358 /* SceneDelegate.swift */; };
		28A206AE29C0B77900F68358 /* Assets.xcassets in Resources */ = {isa = PBXBuildFile; fileRef = 28A206AD29C0B77900F68358 /* Assets.xcassets */; };
		28A206B129C0B77900F68358 /* LaunchScreen.storyboard in Resources */ = {isa = PBXBuildFile; fileRef = 28A206AF29C0B77900F68358 /* LaunchScreen.storyboard */; };
		28A206BA29C0B83200F68358 /* SnapKit in Frameworks */ = {isa = PBXBuildFile; productRef = 28A206B929C0B83200F68358 /* SnapKit */; };
		28A206BE29C0B89E00F68358 /* StartViewController.swift in Sources */ = {isa = PBXBuildFile; fileRef = 28A206BD29C0B89E00F68358 /* StartViewController.swift */; };
		28A206C029C0B8AA00F68358 /* SecondViewController.swift in Sources */ = {isa = PBXBuildFile; fileRef = 28A206BF29C0B8AA00F68358 /* SecondViewController.swift */; };
		28A206C329C0F81B00F68358 /* TableViewCell.swift in Sources */ = {isa = PBXBuildFile; fileRef = 28A206C129C0F81B00F68358 /* TableViewCell.swift */; };
		28A206C429C0F81B00F68358 /* TableViewCell.xib in Resources */ = {isa = PBXBuildFile; fileRef = 28A206C229C0F81B00F68358 /* TableViewCell.xib */; };
		A50D72DE41F0A1E887DF57C2 /* Pods_Final_test_task.framework in Frameworks */ = {isa = PBXBuildFile; fileRef = B231C5CAFF2DD9D923E1A1EE /* Pods_Final_test_task.framework */; };
/* End PBXBuildFile section */

/* Begin PBXFileReference section */
		136A1D1F12997664134357BC /* Pods-Final_test_task.release.xcconfig */ = {isa = PBXFileReference; includeInIndex = 1; lastKnownFileType = text.xcconfig; name = "Pods-Final_test_task.release.xcconfig"; path = "Target Support Files/Pods-Final_test_task/Pods-Final_test_task.release.xcconfig"; sourceTree = "<group>"; };
		28A206A129C0B77700F68358 /* Final_test_task.app */ = {isa = PBXFileReference; explicitFileType = wrapper.application; includeInIndex = 0; path = Final_test_task.app; sourceTree = BUILT_PRODUCTS_DIR; };
		28A206A429C0B77700F68358 /* AppDelegate.swift */ = {isa = PBXFileReference; lastKnownFileType = sourcecode.swift; path = AppDelegate.swift; sourceTree = "<group>"; };
		28A206A629C0B77700F68358 /* SceneDelegate.swift */ = {isa = PBXFileReference; lastKnownFileType = sourcecode.swift; path = SceneDelegate.swift; sourceTree = "<group>"; };
		28A206AD29C0B77900F68358 /* Assets.xcassets */ = {isa = PBXFileReference; lastKnownFileType = folder.assetcatalog; path = Assets.xcassets; sourceTree = "<group>"; };
		28A206B029C0B77900F68358 /* Base */ = {isa = PBXFileReference; lastKnownFileType = file.storyboard; name = Base; path = Base.lproj/LaunchScreen.storyboard; sourceTree = "<group>"; };
		28A206B229C0B77900F68358 /* Info.plist */ = {isa = PBXFileReference; lastKnownFileType = text.plist.xml; path = Info.plist; sourceTree = "<group>"; };
		28A206BD29C0B89E00F68358 /* StartViewController.swift */ = {isa = PBXFileReference; lastKnownFileType = sourcecode.swift; path = StartViewController.swift; sourceTree = "<group>"; };
		28A206BF29C0B8AA00F68358 /* SecondViewController.swift */ = {isa = PBXFileReference; lastKnownFileType = sourcecode.swift; path = SecondViewController.swift; sourceTree = "<group>"; };
		28A206C129C0F81B00F68358 /* TableViewCell.swift */ = {isa = PBXFileReference; lastKnownFileType = sourcecode.swift; path = TableViewCell.swift; sourceTree = "<group>"; };
		28A206C229C0F81B00F68358 /* TableViewCell.xib */ = {isa = PBXFileReference; lastKnownFileType = file.xib; path = TableViewCell.xib; sourceTree = "<group>"; };
		814AC346BF620D649732E430 /* Pods-Final_test_task.debug.xcconfig */ = {isa = PBXFileReference; includeInIndex = 1; lastKnownFileType = text.xcconfig; name = "Pods-Final_test_task.debug.xcconfig"; path = "Target Support Files/Pods-Final_test_task/Pods-Final_test_task.debug.xcconfig"; sourceTree = "<group>"; };
		B231C5CAFF2DD9D923E1A1EE /* Pods_Final_test_task.framework */ = {isa = PBXFileReference; explicitFileType = wrapper.framework; includeInIndex = 0; path = Pods_Final_test_task.framework; sourceTree = BUILT_PRODUCTS_DIR; };
/* End PBXFileReference section */

/* Begin PBXFrameworksBuildPhase section */
		28A2069E29C0B77700F68358 /* Frameworks */ = {
			isa = PBXFrameworksBuildPhase;
			buildActionMask = 2147483647;
			files = (
				28A206BA29C0B83200F68358 /* SnapKit in Frameworks */,
				A50D72DE41F0A1E887DF57C2 /* Pods_Final_test_task.framework in Frameworks */,
			);
			runOnlyForDeploymentPostprocessing = 0;
		};
/* End PBXFrameworksBuildPhase section */

/* Begin PBXGroup section */
		28A2069829C0B77700F68358 = {
			isa = PBXGroup;
			children = (
				28A206A329C0B77700F68358 /* Final_test_task */,
				28A206A229C0B77700F68358 /* Products */,
				2EC3C8ADA2482118E2E7377B /* Pods */,
				4D080C71D23FAA3C306D696C /* Frameworks */,
			);
			sourceTree = "<group>";
		};
		28A206A229C0B77700F68358 /* Products */ = {
			isa = PBXGroup;
			children = (
				28A206A129C0B77700F68358 /* Final_test_task.app */,
			);
			name = Products;
			sourceTree = "<group>";
		};
		28A206A329C0B77700F68358 /* Final_test_task */ = {
			isa = PBXGroup;
			children = (
				28A206BC29C0B87900F68358 /* Delegate */,
				28A206BB29C0B87000F68358 /* Common */,
				28A206AD29C0B77900F68358 /* Assets.xcassets */,
				28A206AF29C0B77900F68358 /* LaunchScreen.storyboard */,
				28A206B229C0B77900F68358 /* Info.plist */,
			);
			path = Final_test_task;
			sourceTree = "<group>";
		};
		28A206BB29C0B87000F68358 /* Common */ = {
			isa = PBXGroup;
			children = (
				28A206BD29C0B89E00F68358 /* StartViewController.swift */,
				28A206C129C0F81B00F68358 /* TableViewCell.swift */,
				28A206C229C0F81B00F68358 /* TableViewCell.xib */,
				28A206BF29C0B8AA00F68358 /* SecondViewController.swift */,
			);
			path = Common;
			sourceTree = "<group>";
		};
		28A206BC29C0B87900F68358 /* Delegate */ = {
			isa = PBXGroup;
			children = (
				28A206A429C0B77700F68358 /* AppDelegate.swift */,
				28A206A629C0B77700F68358 /* SceneDelegate.swift */,
			);
			path = Delegate;
			sourceTree = "<group>";
		};
		2EC3C8ADA2482118E2E7377B /* Pods */ = {
			isa = PBXGroup;
			children = (
				814AC346BF620D649732E430 /* Pods-Final_test_task.debug.xcconfig */,
				136A1D1F12997664134357BC /* Pods-Final_test_task.release.xcconfig */,
			);
			path = Pods;
			sourceTree = "<group>";
		};
		4D080C71D23FAA3C306D696C /* Frameworks */ = {
			isa = PBXGroup;
			children = (
				B231C5CAFF2DD9D923E1A1EE /* Pods_Final_test_task.framework */,
			);
			name = Frameworks;
			sourceTree = "<group>";
		};
/* End PBXGroup section */

/* Begin PBXNativeTarget section */
		28A206A029C0B77700F68358 /* Final_test_task */ = {
			isa = PBXNativeTarget;
			buildConfigurationList = 28A206B529C0B77900F68358 /* Build configuration list for PBXNativeTarget "Final_test_task" */;
			buildPhases = (
				9F36B35146E8B63EF637697E /* [CP] Check Pods Manifest.lock */,
				28A2069D29C0B77700F68358 /* Sources */,
				28A2069E29C0B77700F68358 /* Frameworks */,
				28A2069F29C0B77700F68358 /* Resources */,
				AC0B7C52FD78BCC04549177C /* [CP] Embed Pods Frameworks */,
			);
			buildRules = (
			);
			dependencies = (
			);
			name = Final_test_task;
			packageProductDependencies = (
				28A206B929C0B83200F68358 /* SnapKit */,
			);
			productName = Final_test_task;
			productReference = 28A206A129C0B77700F68358 /* Final_test_task.app */;
			productType = "com.apple.product-type.application";
		};
/* End PBXNativeTarget section */

/* Begin PBXProject section */
		28A2069929C0B77700F68358 /* Project object */ = {
			isa = PBXProject;
			attributes = {
				BuildIndependentTargetsInParallel = 1;
				LastSwiftUpdateCheck = 1420;
				LastUpgradeCheck = 1420;
				TargetAttributes = {
					28A206A029C0B77700F68358 = {
						CreatedOnToolsVersion = 14.2;
					};
				};
			};
			buildConfigurationList = 28A2069C29C0B77700F68358 /* Build configuration list for PBXProject "Final_test_task" */;
			compatibilityVersion = "Xcode 14.0";
			developmentRegion = en;
			hasScannedForEncodings = 0;
			knownRegions = (
				en,
				Base,
			);
			mainGroup = 28A2069829C0B77700F68358;
			packageReferences = (
				28A206B829C0B83200F68358 /* XCRemoteSwiftPackageReference "SnapKit" */,
			);
			productRefGroup = 28A206A229C0B77700F68358 /* Products */;
			projectDirPath = "";
			projectRoot = "";
			targets = (
				28A206A029C0B77700F68358 /* Final_test_task */,
			);
		};
/* End PBXProject section */

/* Begin PBXResourcesBuildPhase section */
		28A2069F29C0B77700F68358 /* Resources */ = {
			isa = PBXResourcesBuildPhase;
			buildActionMask = 2147483647;
			files = (
				28A206B129C0B77900F68358 /* LaunchScreen.storyboard in Resources */,
				28A206C429C0F81B00F68358 /* TableViewCell.xib in Resources */,
				28A206AE29C0B77900F68358 /* Assets.xcassets in Resources */,
			);
			runOnlyForDeploymentPostprocessing = 0;
		};
/* End PBXResourcesBuildPhase section */

/* Begin PBXShellScriptBuildPhase section */
		9F36B35146E8B63EF637697E /* [CP] Check Pods Manifest.lock */ = {
			isa = PBXShellScriptBuildPhase;
			buildActionMask = 2147483647;
			files = (
			);
			inputFileListPaths = (
			);
			inputPaths = (
				"${PODS_PODFILE_DIR_PATH}/Podfile.lock",
				"${PODS_ROOT}/Manifest.lock",
			);
			name = "[CP] Check Pods Manifest.lock";
			outputFileListPaths = (
			);
			outputPaths = (
				"$(DERIVED_FILE_DIR)/Pods-Final_test_task-checkManifestLockResult.txt",
			);
			runOnlyForDeploymentPostprocessing = 0;
			shellPath = /bin/sh;
			shellScript = "diff \"${PODS_PODFILE_DIR_PATH}/Podfile.lock\" \"${PODS_ROOT}/Manifest.lock\" > /dev/null\nif [ $? != 0 ] ; then\n    # print error to STDERR\n    echo \"error: The sandbox is not in sync with the Podfile.lock. Run 'pod install' or update your CocoaPods installation.\" >&2\n    exit 1\nfi\n# This output is used by Xcode 'outputs' to avoid re-running this script phase.\necho \"SUCCESS\" > \"${SCRIPT_OUTPUT_FILE_0}\"\n";
			showEnvVarsInLog = 0;
		};
		AC0B7C52FD78BCC04549177C /* [CP] Embed Pods Frameworks */ = {
			isa = PBXShellScriptBuildPhase;
			buildActionMask = 2147483647;
			files = (
			);
			inputFileListPaths = (
				"${PODS_ROOT}/Target Support Files/Pods-Final_test_task/Pods-Final_test_task-frameworks-${CONFIGURATION}-input-files.xcfilelist",
			);
			name = "[CP] Embed Pods Frameworks";
			outputFileListPaths = (
				"${PODS_ROOT}/Target Support Files/Pods-Final_test_task/Pods-Final_test_task-frameworks-${CONFIGURATION}-output-files.xcfilelist",
			);
			runOnlyForDeploymentPostprocessing = 0;
			shellPath = /bin/sh;
			shellScript = "\"${PODS_ROOT}/Target Support Files/Pods-Final_test_task/Pods-Final_test_task-frameworks.sh\"\n";
			showEnvVarsInLog = 0;
		};
/* End PBXShellScriptBuildPhase section */

/* Begin PBXSourcesBuildPhase section */
		28A2069D29C0B77700F68358 /* Sources */ = {
			isa = PBXSourcesBuildPhase;
			buildActionMask = 2147483647;
			files = (
				28A206C329C0F81B00F68358 /* TableViewCell.swift in Sources */,
				28A206C029C0B8AA00F68358 /* SecondViewController.swift in Sources */,
				28A206A529C0B77700F68358 /* AppDelegate.swift in Sources */,
				28A206A729C0B77700F68358 /* SceneDelegate.swift in Sources */,
				28A206BE29C0B89E00F68358 /* StartViewController.swift in Sources */,
			);
			runOnlyForDeploymentPostprocessing = 0;
		};
/* End PBXSourcesBuildPhase section */

/* Begin PBXVariantGroup section */
		28A206AF29C0B77900F68358 /* LaunchScreen.storyboard */ = {
			isa = PBXVariantGroup;
			children = (
				28A206B029C0B77900F68358 /* Base */,
			);
			name = LaunchScreen.storyboard;
			sourceTree = "<group>";
		};
/* End PBXVariantGroup section */

/* Begin XCBuildConfiguration section */
		28A206B329C0B77900F68358 /* Debug */ = {
			isa = XCBuildConfiguration;
			buildSettings = {
				ALWAYS_SEARCH_USER_PATHS = NO;
				CLANG_ANALYZER_NONNULL = YES;
				CLANG_ANALYZER_NUMBER_OBJECT_CONVERSION = YES_AGGRESSIVE;
				CLANG_CXX_LANGUAGE_STANDARD = "gnu++20";
				CLANG_ENABLE_MODULES = YES;
				CLANG_ENABLE_OBJC_ARC = YES;
				CLANG_ENABLE_OBJC_WEAK = YES;
				CLANG_WARN_BLOCK_CAPTURE_AUTORELEASING = YES;
				CLANG_WARN_BOOL_CONVERSION = YES;
				CLANG_WARN_COMMA = YES;
				CLANG_WARN_CONSTANT_CONVERSION = YES;
				CLANG_WARN_DEPRECATED_OBJC_IMPLEMENTATIONS = YES;
				CLANG_WARN_DIRECT_OBJC_ISA_USAGE = YES_ERROR;
				CLANG_WARN_DOCUMENTATION_COMMENTS = YES;
				CLANG_WARN_EMPTY_BODY = YES;
				CLANG_WARN_ENUM_CONVERSION = YES;
				CLANG_WARN_INFINITE_RECURSION = YES;
				CLANG_WARN_INT_CONVERSION = YES;
				CLANG_WARN_NON_LITERAL_NULL_CONVERSION = YES;
				CLANG_WARN_OBJC_IMPLICIT_RETAIN_SELF = YES;
				CLANG_WARN_OBJC_LITERAL_CONVERSION = YES;
				CLANG_WARN_OBJC_ROOT_CLASS = YES_ERROR;
				CLANG_WARN_QUOTED_INCLUDE_IN_FRAMEWORK_HEADER = YES;
				CLANG_WARN_RANGE_LOOP_ANALYSIS = YES;
				CLANG_WARN_STRICT_PROTOTYPES = YES;
				CLANG_WARN_SUSPICIOUS_MOVE = YES;
				CLANG_WARN_UNGUARDED_AVAILABILITY = YES_AGGRESSIVE;
				CLANG_WARN_UNREACHABLE_CODE = YES;
				CLANG_WARN__DUPLICATE_METHOD_MATCH = YES;
				COPY_PHASE_STRIP = NO;
				DEBUG_INFORMATION_FORMAT = dwarf;
				ENABLE_STRICT_OBJC_MSGSEND = YES;
				ENABLE_TESTABILITY = YES;
				GCC_C_LANGUAGE_STANDARD = gnu11;
				GCC_DYNAMIC_NO_PIC = NO;
				GCC_NO_COMMON_BLOCKS = YES;
				GCC_OPTIMIZATION_LEVEL = 0;
				GCC_PREPROCESSOR_DEFINITIONS = (
					"DEBUG=1",
					"$(inherited)",
				);
				GCC_WARN_64_TO_32_BIT_CONVERSION = YES;
				GCC_WARN_ABOUT_RETURN_TYPE = YES_ERROR;
				GCC_WARN_UNDECLARED_SELECTOR = YES;
				GCC_WARN_UNINITIALIZED_AUTOS = YES_AGGRESSIVE;
				GCC_WARN_UNUSED_FUNCTION = YES;
				GCC_WARN_UNUSED_VARIABLE = YES;
				IPHONEOS_DEPLOYMENT_TARGET = 16.2;
				MTL_ENABLE_DEBUG_INFO = INCLUDE_SOURCE;
				MTL_FAST_MATH = YES;
				ONLY_ACTIVE_ARCH = YES;
				SDKROOT = iphoneos;
				SWIFT_ACTIVE_COMPILATION_CONDITIONS = DEBUG;
				SWIFT_OPTIMIZATION_LEVEL = "-Onone";
			};
			name = Debug;
		};
		28A206B429C0B77900F68358 /* Release */ = {
			isa = XCBuildConfiguration;
			buildSettings = {
				ALWAYS_SEARCH_USER_PATHS = NO;
				CLANG_ANALYZER_NONNULL = YES;
				CLANG_ANALYZER_NUMBER_OBJECT_CONVERSION = YES_AGGRESSIVE;
				CLANG_CXX_LANGUAGE_STANDARD = "gnu++20";
				CLANG_ENABLE_MODULES = YES;
				CLANG_ENABLE_OBJC_ARC = YES;
				CLANG_ENABLE_OBJC_WEAK = YES;
				CLANG_WARN_BLOCK_CAPTURE_AUTORELEASING = YES;
				CLANG_WARN_BOOL_CONVERSION = YES;
				CLANG_WARN_COMMA = YES;
				CLANG_WARN_CONSTANT_CONVERSION = YES;
				CLANG_WARN_DEPRECATED_OBJC_IMPLEMENTATIONS = YES;
				CLANG_WARN_DIRECT_OBJC_ISA_USAGE = YES_ERROR;
				CLANG_WARN_DOCUMENTATION_COMMENTS = YES;
				CLANG_WARN_EMPTY_BODY = YES;
				CLANG_WARN_ENUM_CONVERSION = YES;
				CLANG_WARN_INFINITE_RECURSION = YES;
				CLANG_WARN_INT_CONVERSION = YES;
				CLANG_WARN_NON_LITERAL_NULL_CONVERSION = YES;
				CLANG_WARN_OBJC_IMPLICIT_RETAIN_SELF = YES;
				CLANG_WARN_OBJC_LITERAL_CONVERSION = YES;
				CLANG_WARN_OBJC_ROOT_CLASS = YES_ERROR;
				CLANG_WARN_QUOTED_INCLUDE_IN_FRAMEWORK_HEADER = YES;
				CLANG_WARN_RANGE_LOOP_ANALYSIS = YES;
				CLANG_WARN_STRICT_PROTOTYPES = YES;
				CLANG_WARN_SUSPICIOUS_MOVE = YES;
				CLANG_WARN_UNGUARDED_AVAILABILITY = YES_AGGRESSIVE;
				CLANG_WARN_UNREACHABLE_CODE = YES;
				CLANG_WARN__DUPLICATE_METHOD_MATCH = YES;
				COPY_PHASE_STRIP = NO;
				DEBUG_INFORMATION_FORMAT = "dwarf-with-dsym";
				ENABLE_NS_ASSERTIONS = NO;
				ENABLE_STRICT_OBJC_MSGSEND = YES;
				GCC_C_LANGUAGE_STANDARD = gnu11;
				GCC_NO_COMMON_BLOCKS = YES;
				GCC_WARN_64_TO_32_BIT_CONVERSION = YES;
				GCC_WARN_ABOUT_RETURN_TYPE = YES_ERROR;
				GCC_WARN_UNDECLARED_SELECTOR = YES;
				GCC_WARN_UNINITIALIZED_AUTOS = YES_AGGRESSIVE;
				GCC_WARN_UNUSED_FUNCTION = YES;
				GCC_WARN_UNUSED_VARIABLE = YES;
				IPHONEOS_DEPLOYMENT_TARGET = 16.2;
				MTL_ENABLE_DEBUG_INFO = NO;
				MTL_FAST_MATH = YES;
				SDKROOT = iphoneos;
				SWIFT_COMPILATION_MODE = wholemodule;
				SWIFT_OPTIMIZATION_LEVEL = "-O";
				VALIDATE_PRODUCT = YES;
			};
			name = Release;
		};
		28A206B629C0B77900F68358 /* Debug */ = {
			isa = XCBuildConfiguration;
			baseConfigurationReference = 814AC346BF620D649732E430 /* Pods-Final_test_task.debug.xcconfig */;
			buildSettings = {
				ASSETCATALOG_COMPILER_APPICON_NAME = AppIcon;
				ASSETCATALOG_COMPILER_GLOBAL_ACCENT_COLOR_NAME = AccentColor;
				CODE_SIGN_STYLE = Automatic;
				CURRENT_PROJECT_VERSION = 1;
				DEVELOPMENT_TEAM = 7TGA44R678;
				GENERATE_INFOPLIST_FILE = YES;
				INFOPLIST_FILE = Final_test_task/Info.plist;
				INFOPLIST_KEY_UIApplicationSupportsIndirectInputEvents = YES;
				INFOPLIST_KEY_UILaunchStoryboardName = LaunchScreen;
				INFOPLIST_KEY_UISupportedInterfaceOrientations_iPad = "UIInterfaceOrientationPortrait UIInterfaceOrientationPortraitUpsideDown UIInterfaceOrientationLandscapeLeft UIInterfaceOrientationLandscapeRight";
				INFOPLIST_KEY_UISupportedInterfaceOrientations_iPhone = "UIInterfaceOrientationPortrait UIInterfaceOrientationLandscapeLeft UIInterfaceOrientationLandscapeRight";
				LD_RUNPATH_SEARCH_PATHS = (
					"$(inherited)",
					"@executable_path/Frameworks",
				);
				MARKETING_VERSION = 1.0;
				PRODUCT_BUNDLE_IDENTIFIER = "SeitovN.Final-test-task";
				PRODUCT_NAME = "$(TARGET_NAME)";
				SWIFT_EMIT_LOC_STRINGS = YES;
				SWIFT_VERSION = 5.0;
				TARGETED_DEVICE_FAMILY = "1,2";
			};
			name = Debug;
		};
		28A206B729C0B77900F68358 /* Release */ = {
			isa = XCBuildConfiguration;
			baseConfigurationReference = 136A1D1F12997664134357BC /* Pods-Final_test_task.release.xcconfig */;
			buildSettings = {
				ASSETCATALOG_COMPILER_APPICON_NAME = AppIcon;
				ASSETCATALOG_COMPILER_GLOBAL_ACCENT_COLOR_NAME = AccentColor;
				CODE_SIGN_STYLE = Automatic;
				CURRENT_PROJECT_VERSION = 1;
				DEVELOPMENT_TEAM = 7TGA44R678;
				GENERATE_INFOPLIST_FILE = YES;
				INFOPLIST_FILE = Final_test_task/Info.plist;
				INFOPLIST_KEY_UIApplicationSupportsIndirectInputEvents = YES;
				INFOPLIST_KEY_UILaunchStoryboardName = LaunchScreen;
				INFOPLIST_KEY_UISupportedInterfaceOrientations_iPad = "UIInterfaceOrientationPortrait UIInterfaceOrientationPortraitUpsideDown UIInterfaceOrientationLandscapeLeft UIInterfaceOrientationLandscapeRight";
				INFOPLIST_KEY_UISupportedInterfaceOrientations_iPhone = "UIInterfaceOrientationPortrait UIInterfaceOrientationLandscapeLeft UIInterfaceOrientationLandscapeRight";
				LD_RUNPATH_SEARCH_PATHS = (
					"$(inherited)",
					"@executable_path/Frameworks",
				);
				MARKETING_VERSION = 1.0;
				PRODUCT_BUNDLE_IDENTIFIER = "SeitovN.Final-test-task";
				PRODUCT_NAME = "$(TARGET_NAME)";
				SWIFT_EMIT_LOC_STRINGS = YES;
				SWIFT_VERSION = 5.0;
				TARGETED_DEVICE_FAMILY = "1,2";
			};
			name = Release;
		};
/* End XCBuildConfiguration section */

/* Begin XCConfigurationList section */
		28A2069C29C0B77700F68358 /* Build configuration list for PBXProject "Final_test_task" */ = {
			isa = XCConfigurationList;
			buildConfigurations = (
				28A206B329C0B77900F68358 /* Debug */,
				28A206B429C0B77900F68358 /* Release */,
			);
			defaultConfigurationIsVisible = 0;
			defaultConfigurationName = Release;
		};
		28A206B529C0B77900F68358 /* Build configuration list for PBXNativeTarget "Final_test_task" */ = {
			isa = XCConfigurationList;
			buildConfigurations = (
				28A206B629C0B77900F68358 /* Debug */,
				28A206B729C0B77900F68358 /* Release */,
			);
			defaultConfigurationIsVisible = 0;
			defaultConfigurationName = Release;
		};
/* End XCConfigurationList section */

/* Begin XCRemoteSwiftPackageReference section */
		28A206B829C0B83200F68358 /* XCRemoteSwiftPackageReference "SnapKit" */ = {
			isa = XCRemoteSwiftPackageReference;
			repositoryURL = "https://github.com/SnapKit/SnapKit.git";
			requirement = {
				kind = upToNextMajorVersion;
				minimumVersion = 5.0.0;
			};
		};
/* End XCRemoteSwiftPackageReference section */

/* Begin XCSwiftPackageProductDependency section */
		28A206B929C0B83200F68358 /* SnapKit */ = {
			isa = XCSwiftPackageProductDependency;
			package = 28A206B829C0B83200F68358 /* XCRemoteSwiftPackageReference "SnapKit" */;
			productName = SnapKit;
		};
/* End XCSwiftPackageProductDependency section */
	};
	rootObject = 28A2069929C0B77700F68358 /* Project object */;
}
